// !$*UTF8*$!
{
	archiveVersion = 1;
	classes = {
	};
	objectVersion = 56;
	objects = {

/* Begin PBXBuildFile section */
		4A7D1F3F2CF0B131003EEF69 /* AnimationSandboxApp.swift in Sources */ = {isa = PBXBuildFile; fileRef = 4A7D1F3E2CF0B131003EEF69 /* AnimationSandboxApp.swift */; };
		4A7D1F412CF0B131003EEF69 /* ContentView.swift in Sources */ = {isa = PBXBuildFile; fileRef = 4A7D1F402CF0B131003EEF69 /* ContentView.swift */; };
		4A7D1F432CF0B131003EEF69 /* Item.swift in Sources */ = {isa = PBXBuildFile; fileRef = 4A7D1F422CF0B131003EEF69 /* Item.swift */; };
		4A7D1F452CF0B133003EEF69 /* Assets.xcassets in Resources */ = {isa = PBXBuildFile; fileRef = 4A7D1F442CF0B133003EEF69 /* Assets.xcassets */; };
		4A7D1F482CF0B133003EEF69 /* Preview Assets.xcassets in Resources */ = {isa = PBXBuildFile; fileRef = 4A7D1F472CF0B133003EEF69 /* Preview Assets.xcassets */; };
		4A7D1F522CF0B133003EEF69 /* AnimationSandboxTests.swift in Sources */ = {isa = PBXBuildFile; fileRef = 4A7D1F512CF0B133003EEF69 /* AnimationSandboxTests.swift */; };
		4A7D1F5C2CF0B133003EEF69 /* AnimationSandboxUITests.swift in Sources */ = {isa = PBXBuildFile; fileRef = 4A7D1F5B2CF0B133003EEF69 /* AnimationSandboxUITests.swift */; };
		4A7D1F5E2CF0B133003EEF69 /* AnimationSandboxUITestsLaunchTests.swift in Sources */ = {isa = PBXBuildFile; fileRef = 4A7D1F5D2CF0B133003EEF69 /* AnimationSandboxUITestsLaunchTests.swift */; };
		4A7D1F6B2CF0B161003EEF69 /* SpinnerLoadingView.swift in Sources */ = {isa = PBXBuildFile; fileRef = 4A7D1F6A2CF0B161003EEF69 /* SpinnerLoadingView.swift */; };
		4A7D1F6D2CF0B207003EEF69 /* EchoTangoLogo.swift in Sources */ = {isa = PBXBuildFile; fileRef = 4A7D1F6C2CF0B207003EEF69 /* EchoTangoLogo.swift */; };
		4A7D1F6F2CF0B887003EEF69 /* ETColourScheme.swift in Sources */ = {isa = PBXBuildFile; fileRef = 4A7D1F6E2CF0B887003EEF69 /* ETColourScheme.swift */; };
		4A7D1F712CF0C2A0003EEF69 /* EchoToTango.swift in Sources */ = {isa = PBXBuildFile; fileRef = 4A7D1F702CF0C2A0003EEF69 /* EchoToTango.swift */; };
/* End PBXBuildFile section */

/* Begin PBXContainerItemProxy section */
		4A7D1F4E2CF0B133003EEF69 /* PBXContainerItemProxy */ = {
			isa = PBXContainerItemProxy;
			containerPortal = 4A7D1F332CF0B131003EEF69 /* Project object */;
			proxyType = 1;
			remoteGlobalIDString = 4A7D1F3A2CF0B131003EEF69;
			remoteInfo = AnimationSandbox;
		};
		4A7D1F582CF0B133003EEF69 /* PBXContainerItemProxy */ = {
			isa = PBXContainerItemProxy;
			containerPortal = 4A7D1F332CF0B131003EEF69 /* Project object */;
			proxyType = 1;
			remoteGlobalIDString = 4A7D1F3A2CF0B131003EEF69;
			remoteInfo = AnimationSandbox;
		};
/* End PBXContainerItemProxy section */

/* Begin PBXFileReference section */
		4A7D1F3B2CF0B131003EEF69 /* AnimationSandbox.app */ = {isa = PBXFileReference; explicitFileType = wrapper.application; includeInIndex = 0; path = AnimationSandbox.app; sourceTree = BUILT_PRODUCTS_DIR; };
		4A7D1F3E2CF0B131003EEF69 /* AnimationSandboxApp.swift */ = {isa = PBXFileReference; lastKnownFileType = sourcecode.swift; path = AnimationSandboxApp.swift; sourceTree = "<group>"; };
		4A7D1F402CF0B131003EEF69 /* ContentView.swift */ = {isa = PBXFileReference; lastKnownFileType = sourcecode.swift; path = ContentView.swift; sourceTree = "<group>"; };
		4A7D1F422CF0B131003EEF69 /* Item.swift */ = {isa = PBXFileReference; lastKnownFileType = sourcecode.swift; path = Item.swift; sourceTree = "<group>"; };
		4A7D1F442CF0B133003EEF69 /* Assets.xcassets */ = {isa = PBXFileReference; lastKnownFileType = folder.assetcatalog; path = Assets.xcassets; sourceTree = "<group>"; };
		4A7D1F472CF0B133003EEF69 /* Preview Assets.xcassets */ = {isa = PBXFileReference; lastKnownFileType = folder.assetcatalog; path = "Preview Assets.xcassets"; sourceTree = "<group>"; };
		4A7D1F4D2CF0B133003EEF69 /* AnimationSandboxTests.xctest */ = {isa = PBXFileReference; explicitFileType = wrapper.cfbundle; includeInIndex = 0; path = AnimationSandboxTests.xctest; sourceTree = BUILT_PRODUCTS_DIR; };
		4A7D1F512CF0B133003EEF69 /* AnimationSandboxTests.swift */ = {isa = PBXFileReference; lastKnownFileType = sourcecode.swift; path = AnimationSandboxTests.swift; sourceTree = "<group>"; };
		4A7D1F572CF0B133003EEF69 /* AnimationSandboxUITests.xctest */ = {isa = PBXFileReference; explicitFileType = wrapper.cfbundle; includeInIndex = 0; path = AnimationSandboxUITests.xctest; sourceTree = BUILT_PRODUCTS_DIR; };
		4A7D1F5B2CF0B133003EEF69 /* AnimationSandboxUITests.swift */ = {isa = PBXFileReference; lastKnownFileType = sourcecode.swift; path = AnimationSandboxUITests.swift; sourceTree = "<group>"; };
		4A7D1F5D2CF0B133003EEF69 /* AnimationSandboxUITestsLaunchTests.swift */ = {isa = PBXFileReference; lastKnownFileType = sourcecode.swift; path = AnimationSandboxUITestsLaunchTests.swift; sourceTree = "<group>"; };
		4A7D1F6A2CF0B161003EEF69 /* SpinnerLoadingView.swift */ = {isa = PBXFileReference; lastKnownFileType = sourcecode.swift; path = SpinnerLoadingView.swift; sourceTree = "<group>"; };
		4A7D1F6C2CF0B207003EEF69 /* EchoTangoLogo.swift */ = {isa = PBXFileReference; lastKnownFileType = sourcecode.swift; path = EchoTangoLogo.swift; sourceTree = "<group>"; };
		4A7D1F6E2CF0B887003EEF69 /* ETColourScheme.swift */ = {isa = PBXFileReference; lastKnownFileType = sourcecode.swift; path = ETColourScheme.swift; sourceTree = "<group>"; };
		4A7D1F702CF0C2A0003EEF69 /* EchoToTango.swift */ = {isa = PBXFileReference; lastKnownFileType = sourcecode.swift; path = EchoToTango.swift; sourceTree = "<group>"; };
/* End PBXFileReference section */

/* Begin PBXFrameworksBuildPhase section */
		4A7D1F382CF0B131003EEF69 /* Frameworks */ = {
			isa = PBXFrameworksBuildPhase;
			buildActionMask = 2147483647;
			files = (
			);
			runOnlyForDeploymentPostprocessing = 0;
		};
		4A7D1F4A2CF0B133003EEF69 /* Frameworks */ = {
			isa = PBXFrameworksBuildPhase;
			buildActionMask = 2147483647;
			files = (
			);
			runOnlyForDeploymentPostprocessing = 0;
		};
		4A7D1F542CF0B133003EEF69 /* Frameworks */ = {
			isa = PBXFrameworksBuildPhase;
			buildActionMask = 2147483647;
			files = (
			);
			runOnlyForDeploymentPostprocessing = 0;
		};
/* End PBXFrameworksBuildPhase section */

/* Begin PBXGroup section */
		4A7D1F322CF0B131003EEF69 = {
			isa = PBXGroup;
			children = (
				4A7D1F3D2CF0B131003EEF69 /* AnimationSandbox */,
				4A7D1F502CF0B133003EEF69 /* AnimationSandboxTests */,
				4A7D1F5A2CF0B133003EEF69 /* AnimationSandboxUITests */,
				4A7D1F3C2CF0B131003EEF69 /* Products */,
			);
			sourceTree = "<group>";
		};
		4A7D1F3C2CF0B131003EEF69 /* Products */ = {
			isa = PBXGroup;
			children = (
				4A7D1F3B2CF0B131003EEF69 /* AnimationSandbox.app */,
				4A7D1F4D2CF0B133003EEF69 /* AnimationSandboxTests.xctest */,
				4A7D1F572CF0B133003EEF69 /* AnimationSandboxUITests.xctest */,
			);
			name = Products;
			sourceTree = "<group>";
		};
		4A7D1F3D2CF0B131003EEF69 /* AnimationSandbox */ = {
			isa = PBXGroup;
			children = (
				4A7D1F3E2CF0B131003EEF69 /* AnimationSandboxApp.swift */,
				4A7D1F402CF0B131003EEF69 /* ContentView.swift */,
				4A7D1F422CF0B131003EEF69 /* Item.swift */,
				4A7D1F442CF0B133003EEF69 /* Assets.xcassets */,
				4A7D1F462CF0B133003EEF69 /* Preview Content */,
				4A7D1F6A2CF0B161003EEF69 /* SpinnerLoadingView.swift */,
				4A7D1F6C2CF0B207003EEF69 /* EchoTangoLogo.swift */,
				4A7D1F6E2CF0B887003EEF69 /* ETColourScheme.swift */,
				4A7D1F702CF0C2A0003EEF69 /* EchoToTango.swift */,
			);
			path = AnimationSandbox;
			sourceTree = "<group>";
		};
		4A7D1F462CF0B133003EEF69 /* Preview Content */ = {
			isa = PBXGroup;
			children = (
				4A7D1F472CF0B133003EEF69 /* Preview Assets.xcassets */,
			);
			path = "Preview Content";
			sourceTree = "<group>";
		};
		4A7D1F502CF0B133003EEF69 /* AnimationSandboxTests */ = {
			isa = PBXGroup;
			children = (
				4A7D1F512CF0B133003EEF69 /* AnimationSandboxTests.swift */,
			);
			path = AnimationSandboxTests;
			sourceTree = "<group>";
		};
		4A7D1F5A2CF0B133003EEF69 /* AnimationSandboxUITests */ = {
			isa = PBXGroup;
			children = (
				4A7D1F5B2CF0B133003EEF69 /* AnimationSandboxUITests.swift */,
				4A7D1F5D2CF0B133003EEF69 /* AnimationSandboxUITestsLaunchTests.swift */,
			);
			path = AnimationSandboxUITests;
			sourceTree = "<group>";
		};
/* End PBXGroup section */

/* Begin PBXNativeTarget section */
		4A7D1F3A2CF0B131003EEF69 /* AnimationSandbox */ = {
			isa = PBXNativeTarget;
			buildConfigurationList = 4A7D1F612CF0B133003EEF69 /* Build configuration list for PBXNativeTarget "AnimationSandbox" */;
			buildPhases = (
				4A7D1F372CF0B131003EEF69 /* Sources */,
				4A7D1F382CF0B131003EEF69 /* Frameworks */,
				4A7D1F392CF0B131003EEF69 /* Resources */,
			);
			buildRules = (
			);
			dependencies = (
			);
			name = AnimationSandbox;
			productName = AnimationSandbox;
			productReference = 4A7D1F3B2CF0B131003EEF69 /* AnimationSandbox.app */;
			productType = "com.apple.product-type.application";
		};
		4A7D1F4C2CF0B133003EEF69 /* AnimationSandboxTests */ = {
			isa = PBXNativeTarget;
			buildConfigurationList = 4A7D1F642CF0B133003EEF69 /* Build configuration list for PBXNativeTarget "AnimationSandboxTests" */;
			buildPhases = (
				4A7D1F492CF0B133003EEF69 /* Sources */,
				4A7D1F4A2CF0B133003EEF69 /* Frameworks */,
				4A7D1F4B2CF0B133003EEF69 /* Resources */,
			);
			buildRules = (
			);
			dependencies = (
				4A7D1F4F2CF0B133003EEF69 /* PBXTargetDependency */,
			);
			name = AnimationSandboxTests;
			productName = AnimationSandboxTests;
			productReference = 4A7D1F4D2CF0B133003EEF69 /* AnimationSandboxTests.xctest */;
			productType = "com.apple.product-type.bundle.unit-test";
		};
		4A7D1F562CF0B133003EEF69 /* AnimationSandboxUITests */ = {
			isa = PBXNativeTarget;
			buildConfigurationList = 4A7D1F672CF0B133003EEF69 /* Build configuration list for PBXNativeTarget "AnimationSandboxUITests" */;
			buildPhases = (
				4A7D1F532CF0B133003EEF69 /* Sources */,
				4A7D1F542CF0B133003EEF69 /* Frameworks */,
				4A7D1F552CF0B133003EEF69 /* Resources */,
			);
			buildRules = (
			);
			dependencies = (
				4A7D1F592CF0B133003EEF69 /* PBXTargetDependency */,
			);
			name = AnimationSandboxUITests;
			productName = AnimationSandboxUITests;
			productReference = 4A7D1F572CF0B133003EEF69 /* AnimationSandboxUITests.xctest */;
			productType = "com.apple.product-type.bundle.ui-testing";
		};
/* End PBXNativeTarget section */

/* Begin PBXProject section */
		4A7D1F332CF0B131003EEF69 /* Project object */ = {
			isa = PBXProject;
			attributes = {
				BuildIndependentTargetsInParallel = 1;
				LastSwiftUpdateCheck = 1540;
				LastUpgradeCheck = 1540;
				TargetAttributes = {
					4A7D1F3A2CF0B131003EEF69 = {
						CreatedOnToolsVersion = 15.4;
					};
					4A7D1F4C2CF0B133003EEF69 = {
						CreatedOnToolsVersion = 15.4;
						TestTargetID = 4A7D1F3A2CF0B131003EEF69;
					};
					4A7D1F562CF0B133003EEF69 = {
						CreatedOnToolsVersion = 15.4;
						TestTargetID = 4A7D1F3A2CF0B131003EEF69;
					};
				};
			};
			buildConfigurationList = 4A7D1F362CF0B131003EEF69 /* Build configuration list for PBXProject "AnimationSandbox" */;
			compatibilityVersion = "Xcode 14.0";
			developmentRegion = en;
			hasScannedForEncodings = 0;
			knownRegions = (
				en,
				Base,
			);
			mainGroup = 4A7D1F322CF0B131003EEF69;
			productRefGroup = 4A7D1F3C2CF0B131003EEF69 /* Products */;
			projectDirPath = "";
			projectRoot = "";
			targets = (
				4A7D1F3A2CF0B131003EEF69 /* AnimationSandbox */,
				4A7D1F4C2CF0B133003EEF69 /* AnimationSandboxTests */,
				4A7D1F562CF0B133003EEF69 /* AnimationSandboxUITests */,
			);
		};
/* End PBXProject section */

/* Begin PBXResourcesBuildPhase section */
		4A7D1F392CF0B131003EEF69 /* Resources */ = {
			isa = PBXResourcesBuildPhase;
			buildActionMask = 2147483647;
			files = (
				4A7D1F482CF0B133003EEF69 /* Preview Assets.xcassets in Resources */,
				4A7D1F452CF0B133003EEF69 /* Assets.xcassets in Resources */,
			);
			runOnlyForDeploymentPostprocessing = 0;
		};
		4A7D1F4B2CF0B133003EEF69 /* Resources */ = {
			isa = PBXResourcesBuildPhase;
			buildActionMask = 2147483647;
			files = (
			);
			runOnlyForDeploymentPostprocessing = 0;
		};
		4A7D1F552CF0B133003EEF69 /* Resources */ = {
			isa = PBXResourcesBuildPhase;
			buildActionMask = 2147483647;
			files = (
			);
			runOnlyForDeploymentPostprocessing = 0;
		};
/* End PBXResourcesBuildPhase section */

/* Begin PBXSourcesBuildPhase section */
		4A7D1F372CF0B131003EEF69 /* Sources */ = {
			isa = PBXSourcesBuildPhase;
			buildActionMask = 2147483647;
			files = (
				4A7D1F412CF0B131003EEF69 /* ContentView.swift in Sources */,
				4A7D1F6D2CF0B207003EEF69 /* EchoTangoLogo.swift in Sources */,
				4A7D1F712CF0C2A0003EEF69 /* EchoToTango.swift in Sources */,
				4A7D1F432CF0B131003EEF69 /* Item.swift in Sources */,
				4A7D1F3F2CF0B131003EEF69 /* AnimationSandboxApp.swift in Sources */,
				4A7D1F6B2CF0B161003EEF69 /* SpinnerLoadingView.swift in Sources */,
				4A7D1F6F2CF0B887003EEF69 /* ETColourScheme.swift in Sources */,
			);
			runOnlyForDeploymentPostprocessing = 0;
		};
		4A7D1F492CF0B133003EEF69 /* Sources */ = {
			isa = PBXSourcesBuildPhase;
			buildActionMask = 2147483647;
			files = (
				4A7D1F522CF0B133003EEF69 /* AnimationSandboxTests.swift in Sources */,
			);
			runOnlyForDeploymentPostprocessing = 0;
		};
		4A7D1F532CF0B133003EEF69 /* Sources */ = {
			isa = PBXSourcesBuildPhase;
			buildActionMask = 2147483647;
			files = (
				4A7D1F5C2CF0B133003EEF69 /* AnimationSandboxUITests.swift in Sources */,
				4A7D1F5E2CF0B133003EEF69 /* AnimationSandboxUITestsLaunchTests.swift in Sources */,
			);
			runOnlyForDeploymentPostprocessing = 0;
		};
/* End PBXSourcesBuildPhase section */

/* Begin PBXTargetDependency section */
		4A7D1F4F2CF0B133003EEF69 /* PBXTargetDependency */ = {
			isa = PBXTargetDependency;
			target = 4A7D1F3A2CF0B131003EEF69 /* AnimationSandbox */;
			targetProxy = 4A7D1F4E2CF0B133003EEF69 /* PBXContainerItemProxy */;
		};
		4A7D1F592CF0B133003EEF69 /* PBXTargetDependency */ = {
			isa = PBXTargetDependency;
			target = 4A7D1F3A2CF0B131003EEF69 /* AnimationSandbox */;
			targetProxy = 4A7D1F582CF0B133003EEF69 /* PBXContainerItemProxy */;
		};
/* End PBXTargetDependency section */

/* Begin XCBuildConfiguration section */
		4A7D1F5F2CF0B133003EEF69 /* Debug */ = {
			isa = XCBuildConfiguration;
			buildSettings = {
				ALWAYS_SEARCH_USER_PATHS = NO;
				ASSETCATALOG_COMPILER_GENERATE_SWIFT_ASSET_SYMBOL_EXTENSIONS = YES;
				CLANG_ANALYZER_NONNULL = YES;
				CLANG_ANALYZER_NUMBER_OBJECT_CONVERSION = YES_AGGRESSIVE;
				CLANG_CXX_LANGUAGE_STANDARD = "gnu++20";
				CLANG_ENABLE_MODULES = YES;
				CLANG_ENABLE_OBJC_ARC = YES;
				CLANG_ENABLE_OBJC_WEAK = YES;
				CLANG_WARN_BLOCK_CAPTURE_AUTORELEASING = YES;
				CLANG_WARN_BOOL_CONVERSION = YES;
				CLANG_WARN_COMMA = YES;
				CLANG_WARN_CONSTANT_CONVERSION = YES;
				CLANG_WARN_DEPRECATED_OBJC_IMPLEMENTATIONS = YES;
				CLANG_WARN_DIRECT_OBJC_ISA_USAGE = YES_ERROR;
				CLANG_WARN_DOCUMENTATION_COMMENTS = YES;
				CLANG_WARN_EMPTY_BODY = YES;
				CLANG_WARN_ENUM_CONVERSION = YES;
				CLANG_WARN_INFINITE_RECURSION = YES;
				CLANG_WARN_INT_CONVERSION = YES;
				CLANG_WARN_NON_LITERAL_NULL_CONVERSION = YES;
				CLANG_WARN_OBJC_IMPLICIT_RETAIN_SELF = YES;
				CLANG_WARN_OBJC_LITERAL_CONVERSION = YES;
				CLANG_WARN_OBJC_ROOT_CLASS = YES_ERROR;
				CLANG_WARN_QUOTED_INCLUDE_IN_FRAMEWORK_HEADER = YES;
				CLANG_WARN_RANGE_LOOP_ANALYSIS = YES;
				CLANG_WARN_STRICT_PROTOTYPES = YES;
				CLANG_WARN_SUSPICIOUS_MOVE = YES;
				CLANG_WARN_UNGUARDED_AVAILABILITY = YES_AGGRESSIVE;
				CLANG_WARN_UNREACHABLE_CODE = YES;
				CLANG_WARN__DUPLICATE_METHOD_MATCH = YES;
				COPY_PHASE_STRIP = NO;
				DEBUG_INFORMATION_FORMAT = dwarf;
				ENABLE_STRICT_OBJC_MSGSEND = YES;
				ENABLE_TESTABILITY = YES;
				ENABLE_USER_SCRIPT_SANDBOXING = YES;
				GCC_C_LANGUAGE_STANDARD = gnu17;
				GCC_DYNAMIC_NO_PIC = NO;
				GCC_NO_COMMON_BLOCKS = YES;
				GCC_OPTIMIZATION_LEVEL = 0;
				GCC_PREPROCESSOR_DEFINITIONS = (
					"DEBUG=1",
					"$(inherited)",
				);
				GCC_WARN_64_TO_32_BIT_CONVERSION = YES;
				GCC_WARN_ABOUT_RETURN_TYPE = YES_ERROR;
				GCC_WARN_UNDECLARED_SELECTOR = YES;
				GCC_WARN_UNINITIALIZED_AUTOS = YES_AGGRESSIVE;
				GCC_WARN_UNUSED_FUNCTION = YES;
				GCC_WARN_UNUSED_VARIABLE = YES;
				IPHONEOS_DEPLOYMENT_TARGET = 17.5;
				LOCALIZATION_PREFERS_STRING_CATALOGS = YES;
				MTL_ENABLE_DEBUG_INFO = INCLUDE_SOURCE;
				MTL_FAST_MATH = YES;
				ONLY_ACTIVE_ARCH = YES;
				SDKROOT = iphoneos;
				SWIFT_ACTIVE_COMPILATION_CONDITIONS = "DEBUG $(inherited)";
				SWIFT_OPTIMIZATION_LEVEL = "-Onone";
			};
			name = Debug;
		};
		4A7D1F602CF0B133003EEF69 /* Release */ = {
			isa = XCBuildConfiguration;
			buildSettings = {
				ALWAYS_SEARCH_USER_PATHS = NO;
				ASSETCATALOG_COMPILER_GENERATE_SWIFT_ASSET_SYMBOL_EXTENSIONS = YES;
				CLANG_ANALYZER_NONNULL = YES;
				CLANG_ANALYZER_NUMBER_OBJECT_CONVERSION = YES_AGGRESSIVE;
				CLANG_CXX_LANGUAGE_STANDARD = "gnu++20";
				CLANG_ENABLE_MODULES = YES;
				CLANG_ENABLE_OBJC_ARC = YES;
				CLANG_ENABLE_OBJC_WEAK = YES;
				CLANG_WARN_BLOCK_CAPTURE_AUTORELEASING = YES;
				CLANG_WARN_BOOL_CONVERSION = YES;
				CLANG_WARN_COMMA = YES;
				CLANG_WARN_CONSTANT_CONVERSION = YES;
				CLANG_WARN_DEPRECATED_OBJC_IMPLEMENTATIONS = YES;
				CLANG_WARN_DIRECT_OBJC_ISA_USAGE = YES_ERROR;
				CLANG_WARN_DOCUMENTATION_COMMENTS = YES;
				CLANG_WARN_EMPTY_BODY = YES;
				CLANG_WARN_ENUM_CONVERSION = YES;
				CLANG_WARN_INFINITE_RECURSION = YES;
				CLANG_WARN_INT_CONVERSION = YES;
				CLANG_WARN_NON_LITERAL_NULL_CONVERSION = YES;
				CLANG_WARN_OBJC_IMPLICIT_RETAIN_SELF = YES;
				CLANG_WARN_OBJC_LITERAL_CONVERSION = YES;
				CLANG_WARN_OBJC_ROOT_CLASS = YES_ERROR;
				CLANG_WARN_QUOTED_INCLUDE_IN_FRAMEWORK_HEADER = YES;
				CLANG_WARN_RANGE_LOOP_ANALYSIS = YES;
				CLANG_WARN_STRICT_PROTOTYPES = YES;
				CLANG_WARN_SUSPICIOUS_MOVE = YES;
				CLANG_WARN_UNGUARDED_AVAILABILITY = YES_AGGRESSIVE;
				CLANG_WARN_UNREACHABLE_CODE = YES;
				CLANG_WARN__DUPLICATE_METHOD_MATCH = YES;
				COPY_PHASE_STRIP = NO;
				DEBUG_INFORMATION_FORMAT = "dwarf-with-dsym";
				ENABLE_NS_ASSERTIONS = NO;
				ENABLE_STRICT_OBJC_MSGSEND = YES;
				ENABLE_USER_SCRIPT_SANDBOXING = YES;
				GCC_C_LANGUAGE_STANDARD = gnu17;
				GCC_NO_COMMON_BLOCKS = YES;
				GCC_WARN_64_TO_32_BIT_CONVERSION = YES;
				GCC_WARN_ABOUT_RETURN_TYPE = YES_ERROR;
				GCC_WARN_UNDECLARED_SELECTOR = YES;
				GCC_WARN_UNINITIALIZED_AUTOS = YES_AGGRESSIVE;
				GCC_WARN_UNUSED_FUNCTION = YES;
				GCC_WARN_UNUSED_VARIABLE = YES;
				IPHONEOS_DEPLOYMENT_TARGET = 17.5;
				LOCALIZATION_PREFERS_STRING_CATALOGS = YES;
				MTL_ENABLE_DEBUG_INFO = NO;
				MTL_FAST_MATH = YES;
				SDKROOT = iphoneos;
				SWIFT_COMPILATION_MODE = wholemodule;
				VALIDATE_PRODUCT = YES;
			};
			name = Release;
		};
		4A7D1F622CF0B133003EEF69 /* Debug */ = {
			isa = XCBuildConfiguration;
			buildSettings = {
				ASSETCATALOG_COMPILER_APPICON_NAME = AppIcon;
				ASSETCATALOG_COMPILER_GLOBAL_ACCENT_COLOR_NAME = AccentColor;
				CODE_SIGN_STYLE = Automatic;
				CURRENT_PROJECT_VERSION = 1;
				DEVELOPMENT_ASSET_PATHS = "\"AnimationSandbox/Preview Content\"";
				ENABLE_PREVIEWS = YES;
				GENERATE_INFOPLIST_FILE = YES;
				INFOPLIST_KEY_UIApplicationSceneManifest_Generation = YES;
				INFOPLIST_KEY_UIApplicationSupportsIndirectInputEvents = YES;
				INFOPLIST_KEY_UILaunchScreen_Generation = YES;
				INFOPLIST_KEY_UISupportedInterfaceOrientations_iPad = "UIInterfaceOrientationPortrait UIInterfaceOrientationPortraitUpsideDown UIInterfaceOrientationLandscapeLeft UIInterfaceOrientationLandscapeRight";
				INFOPLIST_KEY_UISupportedInterfaceOrientations_iPhone = "UIInterfaceOrientationPortrait UIInterfaceOrientationLandscapeLeft UIInterfaceOrientationLandscapeRight";
				LD_RUNPATH_SEARCH_PATHS = (
					"$(inherited)",
					"@executable_path/Frameworks",
				);
				MARKETING_VERSION = 1.0;
				PRODUCT_BUNDLE_IDENTIFIER = name.fabalicious.AnimationSandbox;
				PRODUCT_NAME = "$(TARGET_NAME)";
				SWIFT_EMIT_LOC_STRINGS = YES;
				SWIFT_VERSION = 5.0;
				TARGETED_DEVICE_FAMILY = "1,2";
			};
			name = Debug;
		};
		4A7D1F632CF0B133003EEF69 /* Release */ = {
			isa = XCBuildConfiguration;
			buildSettings = {
				ASSETCATALOG_COMPILER_APPICON_NAME = AppIcon;
				ASSETCATALOG_COMPILER_GLOBAL_ACCENT_COLOR_NAME = AccentColor;
				CODE_SIGN_STYLE = Automatic;
				CURRENT_PROJECT_VERSION = 1;
				DEVELOPMENT_ASSET_PATHS = "\"AnimationSandbox/Preview Content\"";
				ENABLE_PREVIEWS = YES;
				GENERATE_INFOPLIST_FILE = YES;
				INFOPLIST_KEY_UIApplicationSceneManifest_Generation = YES;
				INFOPLIST_KEY_UIApplicationSupportsIndirectInputEvents = YES;
				INFOPLIST_KEY_UILaunchScreen_Generation = YES;
				INFOPLIST_KEY_UISupportedInterfaceOrientations_iPad = "UIInterfaceOrientationPortrait UIInterfaceOrientationPortraitUpsideDown UIInterfaceOrientationLandscapeLeft UIInterfaceOrientationLandscapeRight";
				INFOPLIST_KEY_UISupportedInterfaceOrientations_iPhone = "UIInterfaceOrientationPortrait UIInterfaceOrientationLandscapeLeft UIInterfaceOrientationLandscapeRight";
				LD_RUNPATH_SEARCH_PATHS = (
					"$(inherited)",
					"@executable_path/Frameworks",
				);
				MARKETING_VERSION = 1.0;
				PRODUCT_BUNDLE_IDENTIFIER = name.fabalicious.AnimationSandbox;
				PRODUCT_NAME = "$(TARGET_NAME)";
				SWIFT_EMIT_LOC_STRINGS = YES;
				SWIFT_VERSION = 5.0;
				TARGETED_DEVICE_FAMILY = "1,2";
			};
			name = Release;
		};
		4A7D1F652CF0B133003EEF69 /* Debug */ = {
			isa = XCBuildConfiguration;
			buildSettings = {
				ALWAYS_EMBED_SWIFT_STANDARD_LIBRARIES = YES;
				BUNDLE_LOADER = "$(TEST_HOST)";
				CODE_SIGN_STYLE = Automatic;
				CURRENT_PROJECT_VERSION = 1;
				GENERATE_INFOPLIST_FILE = YES;
				IPHONEOS_DEPLOYMENT_TARGET = 17.5;
				MARKETING_VERSION = 1.0;
				PRODUCT_BUNDLE_IDENTIFIER = name.fabalicious.AnimationSandboxTests;
				PRODUCT_NAME = "$(TARGET_NAME)";
				SWIFT_EMIT_LOC_STRINGS = NO;
				SWIFT_VERSION = 5.0;
				TARGETED_DEVICE_FAMILY = "1,2";
				TEST_HOST = "$(BUILT_PRODUCTS_DIR)/AnimationSandbox.app/$(BUNDLE_EXECUTABLE_FOLDER_PATH)/AnimationSandbox";
			};
			name = Debug;
		};
		4A7D1F662CF0B133003EEF69 /* Release */ = {
			isa = XCBuildConfiguration;
			buildSettings = {
				ALWAYS_EMBED_SWIFT_STANDARD_LIBRARIES = YES;
				BUNDLE_LOADER = "$(TEST_HOST)";
				CODE_SIGN_STYLE = Automatic;
				CURRENT_PROJECT_VERSION = 1;
				GENERATE_INFOPLIST_FILE = YES;
				IPHONEOS_DEPLOYMENT_TARGET = 17.5;
				MARKETING_VERSION = 1.0;
				PRODUCT_BUNDLE_IDENTIFIER = name.fabalicious.AnimationSandboxTests;
				PRODUCT_NAME = "$(TARGET_NAME)";
				SWIFT_EMIT_LOC_STRINGS = NO;
				SWIFT_VERSION = 5.0;
				TARGETED_DEVICE_FAMILY = "1,2";
				TEST_HOST = "$(BUILT_PRODUCTS_DIR)/AnimationSandbox.app/$(BUNDLE_EXECUTABLE_FOLDER_PATH)/AnimationSandbox";
			};
			name = Release;
		};
		4A7D1F682CF0B133003EEF69 /* Debug */ = {
			isa = XCBuildConfiguration;
			buildSettings = {
				ALWAYS_EMBED_SWIFT_STANDARD_LIBRARIES = YES;
				CODE_SIGN_STYLE = Automatic;
				CURRENT_PROJECT_VERSION = 1;
				GENERATE_INFOPLIST_FILE = YES;
				MARKETING_VERSION = 1.0;
				PRODUCT_BUNDLE_IDENTIFIER = name.fabalicious.AnimationSandboxUITests;
				PRODUCT_NAME = "$(TARGET_NAME)";
				SWIFT_EMIT_LOC_STRINGS = NO;
				SWIFT_VERSION = 5.0;
				TARGETED_DEVICE_FAMILY = "1,2";
				TEST_TARGET_NAME = AnimationSandbox;
			};
			name = Debug;
		};
		4A7D1F692CF0B133003EEF69 /* Release */ = {
			isa = XCBuildConfiguration;
			buildSettings = {
				ALWAYS_EMBED_SWIFT_STANDARD_LIBRARIES = YES;
				CODE_SIGN_STYLE = Automatic;
				CURRENT_PROJECT_VERSION = 1;
				GENERATE_INFOPLIST_FILE = YES;
				MARKETING_VERSION = 1.0;
				PRODUCT_BUNDLE_IDENTIFIER = name.fabalicious.AnimationSandboxUITests;
				PRODUCT_NAME = "$(TARGET_NAME)";
				SWIFT_EMIT_LOC_STRINGS = NO;
				SWIFT_VERSION = 5.0;
				TARGETED_DEVICE_FAMILY = "1,2";
				TEST_TARGET_NAME = AnimationSandbox;
			};
			name = Release;
		};
/* End XCBuildConfiguration section */

/* Begin XCConfigurationList section */
		4A7D1F362CF0B131003EEF69 /* Build configuration list for PBXProject "AnimationSandbox" */ = {
			isa = XCConfigurationList;
			buildConfigurations = (
				4A7D1F5F2CF0B133003EEF69 /* Debug */,
				4A7D1F602CF0B133003EEF69 /* Release */,
			);
			defaultConfigurationIsVisible = 0;
			defaultConfigurationName = Release;
		};
		4A7D1F612CF0B133003EEF69 /* Build configuration list for PBXNativeTarget "AnimationSandbox" */ = {
			isa = XCConfigurationList;
			buildConfigurations = (
				4A7D1F622CF0B133003EEF69 /* Debug */,
				4A7D1F632CF0B133003EEF69 /* Release */,
			);
			defaultConfigurationIsVisible = 0;
			defaultConfigurationName = Release;
		};
		4A7D1F642CF0B133003EEF69 /* Build configuration list for PBXNativeTarget "AnimationSandboxTests" */ = {
			isa = XCConfigurationList;
			buildConfigurations = (
				4A7D1F652CF0B133003EEF69 /* Debug */,
				4A7D1F662CF0B133003EEF69 /* Release */,
			);
			defaultConfigurationIsVisible = 0;
			defaultConfigurationName = Release;
		};
		4A7D1F672CF0B133003EEF69 /* Build configuration list for PBXNativeTarget "AnimationSandboxUITests" */ = {
			isa = XCConfigurationList;
			buildConfigurations = (
				4A7D1F682CF0B133003EEF69 /* Debug */,
				4A7D1F692CF0B133003EEF69 /* Release */,
			);
			defaultConfigurationIsVisible = 0;
			defaultConfigurationName = Release;
		};
/* End XCConfigurationList section */
	};
	rootObject = 4A7D1F332CF0B131003EEF69 /* Project object */;
}
